
Microsoft Visual Studio Solution File, Format Version 12.00
# Visual Studio 15
VisualStudioVersion = 15.0.28307.136
MinimumVisualStudioVersion = 10.0.40219.1
Project("{FAE04EC0-301F-11D3-BF4B-00C04F79EFBC}") = "AlchemyNote", "AlchemyNote\AlchemyNote.csproj", "{7273AB54-0ED1-4359-B925-60A88FCDA921}"
EndProject
Global
	GlobalSection(SolutionConfigurationPlatforms) = preSolution
		Debug|Any CPU = Debug|Any CPU
		Release|Any CPU = Release|Any CPU
	EndGlobalSection
	GlobalSection(ProjectConfigurationPlatforms) = postSolution
		{7273AB54-0ED1-4359-B925-60A88FCDA921}.Debug|Any CPU.ActiveCfg = Debug|Any CPU
		{7273AB54-0ED1-4359-B925-60A88FCDA921}.Debug|Any CPU.Build.0 = Debug|Any CPU
		{7273AB54-0ED1-4359-B925-60A88FCDA921}.Release|Any CPU.ActiveCfg = Release|Any CPU
		{7273AB54-0ED1-4359-B925-60A88FCDA921}.Release|Any CPU.Build.0 = Release|Any CPU
	EndGlobalSection
	GlobalSection(SolutionProperties) = preSolution
		HideSolutionNode = FALSE
	EndGlobalSection
	GlobalSection(ExtensibilityGlobals) = postSolution
		SolutionGuid = {27ACE5AF-9BE0-4700-83C2-7E48C1D9D604}
	EndGlobalSection
EndGlobal
